// !$*UTF8*$!
{
	archiveVersion = 1;
	classes = {
	};
	objectVersion = 46;
	objects = {

/* Begin PBXBuildFile section */
		7CDE525E1D76E44B00FC4745 /* AppDelegate.swift in Sources */ = {isa = PBXBuildFile; fileRef = 7CDE525D1D76E44B00FC4745 /* AppDelegate.swift */; };
		7CDE52601D76E44B00FC4745 /* ViewController.swift in Sources */ = {isa = PBXBuildFile; fileRef = 7CDE525F1D76E44B00FC4745 /* ViewController.swift */; };
		7CDE52631D76E44B00FC4745 /* Main.storyboard in Resources */ = {isa = PBXBuildFile; fileRef = 7CDE52611D76E44B00FC4745 /* Main.storyboard */; };
		7CDE52651D76E44B00FC4745 /* Assets.xcassets in Resources */ = {isa = PBXBuildFile; fileRef = 7CDE52641D76E44B00FC4745 /* Assets.xcassets */; };
		7CDE52681D76E44B00FC4745 /* LaunchScreen.storyboard in Resources */ = {isa = PBXBuildFile; fileRef = 7CDE52661D76E44B00FC4745 /* LaunchScreen.storyboard */; };
		7CDE52731D76E44B00FC4745 /* PageTheScrollTests.swift in Sources */ = {isa = PBXBuildFile; fileRef = 7CDE52721D76E44B00FC4745 /* PageTheScrollTests.swift */; };
		7CDE527E1D76E44B00FC4745 /* PageTheScrollUITests.swift in Sources */ = {isa = PBXBuildFile; fileRef = 7CDE527D1D76E44B00FC4745 /* PageTheScrollUITests.swift */; };
/* End PBXBuildFile section */

/* Begin PBXContainerItemProxy section */
		7CDE526F1D76E44B00FC4745 /* PBXContainerItemProxy */ = {
			isa = PBXContainerItemProxy;
			containerPortal = 7CDE52521D76E44B00FC4745 /* Project object */;
			proxyType = 1;
			remoteGlobalIDString = 7CDE52591D76E44B00FC4745;
			remoteInfo = PageTheScroll;
		};
		7CDE527A1D76E44B00FC4745 /* PBXContainerItemProxy */ = {
			isa = PBXContainerItemProxy;
			containerPortal = 7CDE52521D76E44B00FC4745 /* Project object */;
			proxyType = 1;
			remoteGlobalIDString = 7CDE52591D76E44B00FC4745;
			remoteInfo = PageTheScroll;
		};
/* End PBXContainerItemProxy section */

/* Begin PBXFileReference section */
		7CDE525A1D76E44B00FC4745 /* PageTheScroll.app */ = {isa = PBXFileReference; explicitFileType = wrapper.application; includeInIndex = 0; path = PageTheScroll.app; sourceTree = BUILT_PRODUCTS_DIR; };
		7CDE525D1D76E44B00FC4745 /* AppDelegate.swift */ = {isa = PBXFileReference; lastKnownFileType = sourcecode.swift; path = AppDelegate.swift; sourceTree = "<group>"; };
		7CDE525F1D76E44B00FC4745 /* ViewController.swift */ = {isa = PBXFileReference; lastKnownFileType = sourcecode.swift; path = ViewController.swift; sourceTree = "<group>"; };
		7CDE52621D76E44B00FC4745 /* Base */ = {isa = PBXFileReference; lastKnownFileType = file.storyboard; name = Base; path = Base.lproj/Main.storyboard; sourceTree = "<group>"; };
		7CDE52641D76E44B00FC4745 /* Assets.xcassets */ = {isa = PBXFileReference; lastKnownFileType = folder.assetcatalog; path = Assets.xcassets; sourceTree = "<group>"; };
		7CDE52671D76E44B00FC4745 /* Base */ = {isa = PBXFileReference; lastKnownFileType = file.storyboard; name = Base; path = Base.lproj/LaunchScreen.storyboard; sourceTree = "<group>"; };
		7CDE52691D76E44B00FC4745 /* Info.plist */ = {isa = PBXFileReference; lastKnownFileType = text.plist.xml; path = Info.plist; sourceTree = "<group>"; };
		7CDE526E1D76E44B00FC4745 /* PageTheScrollTests.xctest */ = {isa = PBXFileReference; explicitFileType = wrapper.cfbundle; includeInIndex = 0; path = PageTheScrollTests.xctest; sourceTree = BUILT_PRODUCTS_DIR; };
		7CDE52721D76E44B00FC4745 /* PageTheScrollTests.swift */ = {isa = PBXFileReference; lastKnownFileType = sourcecode.swift; path = PageTheScrollTests.swift; sourceTree = "<group>"; };
		7CDE52741D76E44B00FC4745 /* Info.plist */ = {isa = PBXFileReference; lastKnownFileType = text.plist.xml; path = Info.plist; sourceTree = "<group>"; };
		7CDE52791D76E44B00FC4745 /* PageTheScrollUITests.xctest */ = {isa = PBXFileReference; explicitFileType = wrapper.cfbundle; includeInIndex = 0; path = PageTheScrollUITests.xctest; sourceTree = BUILT_PRODUCTS_DIR; };
		7CDE527D1D76E44B00FC4745 /* PageTheScrollUITests.swift */ = {isa = PBXFileReference; lastKnownFileType = sourcecode.swift; path = PageTheScrollUITests.swift; sourceTree = "<group>"; };
		7CDE527F1D76E44B00FC4745 /* Info.plist */ = {isa = PBXFileReference; lastKnownFileType = text.plist.xml; path = Info.plist; sourceTree = "<group>"; };
/* End PBXFileReference section */

/* Begin PBXFrameworksBuildPhase section */
		7CDE52571D76E44B00FC4745 /* Frameworks */ = {
			isa = PBXFrameworksBuildPhase;
			buildActionMask = 2147483647;
			files = (
			);
			runOnlyForDeploymentPostprocessing = 0;
		};
		7CDE526B1D76E44B00FC4745 /* Frameworks */ = {
			isa = PBXFrameworksBuildPhase;
			buildActionMask = 2147483647;
			files = (
			);
			runOnlyForDeploymentPostprocessing = 0;
		};
		7CDE52761D76E44B00FC4745 /* Frameworks */ = {
			isa = PBXFrameworksBuildPhase;
			buildActionMask = 2147483647;
			files = (
			);
			runOnlyForDeploymentPostprocessing = 0;
		};
/* End PBXFrameworksBuildPhase section */

/* Begin PBXGroup section */
		7CDE52511D76E44B00FC4745 = {
			isa = PBXGroup;
			children = (
				7CDE525C1D76E44B00FC4745 /* PageTheScroll */,
				7CDE52711D76E44B00FC4745 /* PageTheScrollTests */,
				7CDE527C1D76E44B00FC4745 /* PageTheScrollUITests */,
				7CDE525B1D76E44B00FC4745 /* Products */,
			);
			sourceTree = "<group>";
		};
		7CDE525B1D76E44B00FC4745 /* Products */ = {
			isa = PBXGroup;
			children = (
				7CDE525A1D76E44B00FC4745 /* PageTheScroll.app */,
				7CDE526E1D76E44B00FC4745 /* PageTheScrollTests.xctest */,
				7CDE52791D76E44B00FC4745 /* PageTheScrollUITests.xctest */,
			);
			name = Products;
			sourceTree = "<group>";
		};
		7CDE525C1D76E44B00FC4745 /* PageTheScroll */ = {
			isa = PBXGroup;
			children = (
				7CDE525D1D76E44B00FC4745 /* AppDelegate.swift */,
				7CDE525F1D76E44B00FC4745 /* ViewController.swift */,
				7CDE52611D76E44B00FC4745 /* Main.storyboard */,
				7CDE52641D76E44B00FC4745 /* Assets.xcassets */,
				7CDE52661D76E44B00FC4745 /* LaunchScreen.storyboard */,
				7CDE52691D76E44B00FC4745 /* Info.plist */,
			);
			path = PageTheScroll;
			sourceTree = "<group>";
		};
		7CDE52711D76E44B00FC4745 /* PageTheScrollTests */ = {
			isa = PBXGroup;
			children = (
				7CDE52721D76E44B00FC4745 /* PageTheScrollTests.swift */,
				7CDE52741D76E44B00FC4745 /* Info.plist */,
			);
			path = PageTheScrollTests;
			sourceTree = "<group>";
		};
		7CDE527C1D76E44B00FC4745 /* PageTheScrollUITests */ = {
			isa = PBXGroup;
			children = (
				7CDE527D1D76E44B00FC4745 /* PageTheScrollUITests.swift */,
				7CDE527F1D76E44B00FC4745 /* Info.plist */,
			);
			path = PageTheScrollUITests;
			sourceTree = "<group>";
		};
/* End PBXGroup section */

/* Begin PBXNativeTarget section */
		7CDE52591D76E44B00FC4745 /* PageTheScroll */ = {
			isa = PBXNativeTarget;
			buildConfigurationList = 7CDE52821D76E44B00FC4745 /* Build configuration list for PBXNativeTarget "PageTheScroll" */;
			buildPhases = (
				7CDE52561D76E44B00FC4745 /* Sources */,
				7CDE52571D76E44B00FC4745 /* Frameworks */,
				7CDE52581D76E44B00FC4745 /* Resources */,
			);
			buildRules = (
			);
			dependencies = (
			);
			name = PageTheScroll;
			productName = PageTheScroll;
			productReference = 7CDE525A1D76E44B00FC4745 /* PageTheScroll.app */;
			productType = "com.apple.product-type.application";
		};
		7CDE526D1D76E44B00FC4745 /* PageTheScrollTests */ = {
			isa = PBXNativeTarget;
			buildConfigurationList = 7CDE52851D76E44B00FC4745 /* Build configuration list for PBXNativeTarget "PageTheScrollTests" */;
			buildPhases = (
				7CDE526A1D76E44B00FC4745 /* Sources */,
				7CDE526B1D76E44B00FC4745 /* Frameworks */,
				7CDE526C1D76E44B00FC4745 /* Resources */,
			);
			buildRules = (
			);
			dependencies = (
				7CDE52701D76E44B00FC4745 /* PBXTargetDependency */,
			);
			name = PageTheScrollTests;
			productName = PageTheScrollTests;
			productReference = 7CDE526E1D76E44B00FC4745 /* PageTheScrollTests.xctest */;
			productType = "com.apple.product-type.bundle.unit-test";
		};
		7CDE52781D76E44B00FC4745 /* PageTheScrollUITests */ = {
			isa = PBXNativeTarget;
			buildConfigurationList = 7CDE52881D76E44B00FC4745 /* Build configuration list for PBXNativeTarget "PageTheScrollUITests" */;
			buildPhases = (
				7CDE52751D76E44B00FC4745 /* Sources */,
				7CDE52761D76E44B00FC4745 /* Frameworks */,
				7CDE52771D76E44B00FC4745 /* Resources */,
			);
			buildRules = (
			);
			dependencies = (
				7CDE527B1D76E44B00FC4745 /* PBXTargetDependency */,
			);
			name = PageTheScrollUITests;
			productName = PageTheScrollUITests;
			productReference = 7CDE52791D76E44B00FC4745 /* PageTheScrollUITests.xctest */;
			productType = "com.apple.product-type.bundle.ui-testing";
		};
/* End PBXNativeTarget section */

/* Begin PBXProject section */
		7CDE52521D76E44B00FC4745 /* Project object */ = {
			isa = PBXProject;
			attributes = {
				LastSwiftUpdateCheck = 0800;
				LastUpgradeCheck = 0800;
				ORGANIZATIONNAME = "Mikko Hilpinen";
				TargetAttributes = {
					7CDE52591D76E44B00FC4745 = {
						CreatedOnToolsVersion = 8.0;
						ProvisioningStyle = Automatic;
					};
					7CDE526D1D76E44B00FC4745 = {
						CreatedOnToolsVersion = 8.0;
						ProvisioningStyle = Automatic;
						TestTargetID = 7CDE52591D76E44B00FC4745;
					};
					7CDE52781D76E44B00FC4745 = {
						CreatedOnToolsVersion = 8.0;
						ProvisioningStyle = Automatic;
						TestTargetID = 7CDE52591D76E44B00FC4745;
					};
				};
			};
			buildConfigurationList = 7CDE52551D76E44B00FC4745 /* Build configuration list for PBXProject "PageTheScroll" */;
			compatibilityVersion = "Xcode 3.2";
			developmentRegion = English;
			hasScannedForEncodings = 0;
			knownRegions = (
				en,
				Base,
			);
			mainGroup = 7CDE52511D76E44B00FC4745;
			productRefGroup = 7CDE525B1D76E44B00FC4745 /* Products */;
			projectDirPath = "";
			projectRoot = "";
			targets = (
				7CDE52591D76E44B00FC4745 /* PageTheScroll */,
				7CDE526D1D76E44B00FC4745 /* PageTheScrollTests */,
				7CDE52781D76E44B00FC4745 /* PageTheScrollUITests */,
			);
		};
/* End PBXProject section */

/* Begin PBXResourcesBuildPhase section */
		7CDE52581D76E44B00FC4745 /* Resources */ = {
			isa = PBXResourcesBuildPhase;
			buildActionMask = 2147483647;
			files = (
				7CDE52681D76E44B00FC4745 /* LaunchScreen.storyboard in Resources */,
				7CDE52651D76E44B00FC4745 /* Assets.xcassets in Resources */,
				7CDE52631D76E44B00FC4745 /* Main.storyboard in Resources */,
			);
			runOnlyForDeploymentPostprocessing = 0;
		};
		7CDE526C1D76E44B00FC4745 /* Resources */ = {
			isa = PBXResourcesBuildPhase;
			buildActionMask = 2147483647;
			files = (
			);
			runOnlyForDeploymentPostprocessing = 0;
		};
		7CDE52771D76E44B00FC4745 /* Resources */ = {
			isa = PBXResourcesBuildPhase;
			buildActionMask = 2147483647;
			files = (
			);
			runOnlyForDeploymentPostprocessing = 0;
		};
/* End PBXResourcesBuildPhase section */

/* Begin PBXSourcesBuildPhase section */
		7CDE52561D76E44B00FC4745 /* Sources */ = {
			isa = PBXSourcesBuildPhase;
			buildActionMask = 2147483647;
			files = (
				7CDE52601D76E44B00FC4745 /* ViewController.swift in Sources */,
				7CDE525E1D76E44B00FC4745 /* AppDelegate.swift in Sources */,
			);
			runOnlyForDeploymentPostprocessing = 0;
		};
		7CDE526A1D76E44B00FC4745 /* Sources */ = {
			isa = PBXSourcesBuildPhase;
			buildActionMask = 2147483647;
			files = (
				7CDE52731D76E44B00FC4745 /* PageTheScrollTests.swift in Sources */,
			);
			runOnlyForDeploymentPostprocessing = 0;
		};
		7CDE52751D76E44B00FC4745 /* Sources */ = {
			isa = PBXSourcesBuildPhase;
			buildActionMask = 2147483647;
			files = (
				7CDE527E1D76E44B00FC4745 /* PageTheScrollUITests.swift in Sources */,
			);
			runOnlyForDeploymentPostprocessing = 0;
		};
/* End PBXSourcesBuildPhase section */

/* Begin PBXTargetDependency section */
		7CDE52701D76E44B00FC4745 /* PBXTargetDependency */ = {
			isa = PBXTargetDependency;
			target = 7CDE52591D76E44B00FC4745 /* PageTheScroll */;
			targetProxy = 7CDE526F1D76E44B00FC4745 /* PBXContainerItemProxy */;
		};
		7CDE527B1D76E44B00FC4745 /* PBXTargetDependency */ = {
			isa = PBXTargetDependency;
			target = 7CDE52591D76E44B00FC4745 /* PageTheScroll */;
			targetProxy = 7CDE527A1D76E44B00FC4745 /* PBXContainerItemProxy */;
		};
/* End PBXTargetDependency section */

/* Begin PBXVariantGroup section */
		7CDE52611D76E44B00FC4745 /* Main.storyboard */ = {
			isa = PBXVariantGroup;
			children = (
				7CDE52621D76E44B00FC4745 /* Base */,
			);
			name = Main.storyboard;
			sourceTree = "<group>";
		};
		7CDE52661D76E44B00FC4745 /* LaunchScreen.storyboard */ = {
			isa = PBXVariantGroup;
			children = (
				7CDE52671D76E44B00FC4745 /* Base */,
			);
			name = LaunchScreen.storyboard;
			sourceTree = "<group>";
		};
/* End PBXVariantGroup section */

/* Begin XCBuildConfiguration section */
		7CDE52801D76E44B00FC4745 /* Debug */ = {
			isa = XCBuildConfiguration;
			buildSettings = {
				ALWAYS_SEARCH_USER_PATHS = NO;
				CLANG_ANALYZER_NONNULL = YES;
				CLANG_CXX_LANGUAGE_STANDARD = "gnu++0x";
				CLANG_CXX_LIBRARY = "libc++";
				CLANG_ENABLE_MODULES = YES;
				CLANG_ENABLE_OBJC_ARC = YES;
				CLANG_WARN_BOOL_CONVERSION = YES;
				CLANG_WARN_CONSTANT_CONVERSION = YES;
				CLANG_WARN_DIRECT_OBJC_ISA_USAGE = YES_ERROR;
				CLANG_WARN_DOCUMENTATION_COMMENTS = YES;
				CLANG_WARN_EMPTY_BODY = YES;
				CLANG_WARN_ENUM_CONVERSION = YES;
				CLANG_WARN_INFINITE_RECURSION = YES;
				CLANG_WARN_INT_CONVERSION = YES;
				CLANG_WARN_OBJC_ROOT_CLASS = YES_ERROR;
				CLANG_WARN_SUSPICIOUS_MOVES = YES;
				CLANG_WARN_UNREACHABLE_CODE = YES;
				CLANG_WARN__DUPLICATE_METHOD_MATCH = YES;
				"CODE_SIGN_IDENTITY[sdk=iphoneos*]" = "iPhone Developer";
				COPY_PHASE_STRIP = NO;
				DEBUG_INFORMATION_FORMAT = dwarf;
				ENABLE_STRICT_OBJC_MSGSEND = YES;
				ENABLE_TESTABILITY = YES;
				GCC_C_LANGUAGE_STANDARD = gnu99;
				GCC_DYNAMIC_NO_PIC = NO;
				GCC_NO_COMMON_BLOCKS = YES;
				GCC_OPTIMIZATION_LEVEL = 0;
				GCC_PREPROCESSOR_DEFINITIONS = (
					"DEBUG=1",
					"$(inherited)",
				);
				GCC_WARN_64_TO_32_BIT_CONVERSION = YES;
				GCC_WARN_ABOUT_RETURN_TYPE = YES_ERROR;
				GCC_WARN_UNDECLARED_SELECTOR = YES;
				GCC_WARN_UNINITIALIZED_AUTOS = YES_AGGRESSIVE;
				GCC_WARN_UNUSED_FUNCTION = YES;
				GCC_WARN_UNUSED_VARIABLE = YES;
				IPHONEOS_DEPLOYMENT_TARGET = 10.0;
				MTL_ENABLE_DEBUG_INFO = YES;
				ONLY_ACTIVE_ARCH = YES;
				SDKROOT = iphoneos;
				SWIFT_ACTIVE_COMPILATION_CONDITIONS = DEBUG;
				SWIFT_OPTIMIZATION_LEVEL = "-Onone";
				TARGETED_DEVICE_FAMILY = "1,2";
			};
			name = Debug;
		};
		7CDE52811D76E44B00FC4745 /* Release */ = {
			isa = XCBuildConfiguration;
			buildSettings = {
				ALWAYS_SEARCH_USER_PATHS = NO;
				CLANG_ANALYZER_NONNULL = YES;
				CLANG_CXX_LANGUAGE_STANDARD = "gnu++0x";
				CLANG_CXX_LIBRARY = "libc++";
				CLANG_ENABLE_MODULES = YES;
				CLANG_ENABLE_OBJC_ARC = YES;
				CLANG_WARN_BOOL_CONVERSION = YES;
				CLANG_WARN_CONSTANT_CONVERSION = YES;
				CLANG_WARN_DIRECT_OBJC_ISA_USAGE = YES_ERROR;
				CLANG_WARN_DOCUMENTATION_COMMENTS = YES;
				CLANG_WARN_EMPTY_BODY = YES;
				CLANG_WARN_ENUM_CONVERSION = YES;
				CLANG_WARN_INFINITE_RECURSION = YES;
				CLANG_WARN_INT_CONVERSION = YES;
				CLANG_WARN_OBJC_ROOT_CLASS = YES_ERROR;
				CLANG_WARN_SUSPICIOUS_MOVES = YES;
				CLANG_WARN_UNREACHABLE_CODE = YES;
				CLANG_WARN__DUPLICATE_METHOD_MATCH = YES;
				"CODE_SIGN_IDENTITY[sdk=iphoneos*]" = "iPhone Developer";
				COPY_PHASE_STRIP = NO;
				DEBUG_INFORMATION_FORMAT = "dwarf-with-dsym";
				ENABLE_NS_ASSERTIONS = NO;
				ENABLE_STRICT_OBJC_MSGSEND = YES;
				GCC_C_LANGUAGE_STANDARD = gnu99;
				GCC_NO_COMMON_BLOCKS = YES;
				GCC_WARN_64_TO_32_BIT_CONVERSION = YES;
				GCC_WARN_ABOUT_RETURN_TYPE = YES_ERROR;
				GCC_WARN_UNDECLARED_SELECTOR = YES;
				GCC_WARN_UNINITIALIZED_AUTOS = YES_AGGRESSIVE;
				GCC_WARN_UNUSED_FUNCTION = YES;
				GCC_WARN_UNUSED_VARIABLE = YES;
				IPHONEOS_DEPLOYMENT_TARGET = 10.0;
				MTL_ENABLE_DEBUG_INFO = NO;
				SDKROOT = iphoneos;
				SWIFT_OPTIMIZATION_LEVEL = "-Owholemodule";
				TARGETED_DEVICE_FAMILY = "1,2";
				VALIDATE_PRODUCT = YES;
			};
			name = Release;
		};
		7CDE52831D76E44B00FC4745 /* Debug */ = {
			isa = XCBuildConfiguration;
			buildSettings = {
				ASSETCATALOG_COMPILER_APPICON_NAME = AppIcon;
				INFOPLIST_FILE = PageTheScroll/Info.plist;
				LD_RUNPATH_SEARCH_PATHS = "$(inherited) @executable_path/Frameworks";
				PRODUCT_BUNDLE_IDENTIFIER = aaconsulting.fi.PageTheScroll;
				PRODUCT_NAME = "$(TARGET_NAME)";
				SWIFT_VERSION = 3.0;
			};
			name = Debug;
		};
		7CDE52841D76E44B00FC4745 /* Release */ = {
			isa = XCBuildConfiguration;
			buildSettings = {
				ASSETCATALOG_COMPILER_APPICON_NAME = AppIcon;
				INFOPLIST_FILE = PageTheScroll/Info.plist;
				LD_RUNPATH_SEARCH_PATHS = "$(inherited) @executable_path/Frameworks";
				PRODUCT_BUNDLE_IDENTIFIER = aaconsulting.fi.PageTheScroll;
				PRODUCT_NAME = "$(TARGET_NAME)";
				SWIFT_VERSION = 3.0;
			};
			name = Release;
		};
		7CDE52861D76E44B00FC4745 /* Debug */ = {
			isa = XCBuildConfiguration;
			buildSettings = {
				ALWAYS_EMBED_SWIFT_STANDARD_LIBRARIES = YES;
				BUNDLE_LOADER = "$(TEST_HOST)";
				INFOPLIST_FILE = PageTheScrollTests/Info.plist;
				LD_RUNPATH_SEARCH_PATHS = "$(inherited) @executable_path/Frameworks @loader_path/Frameworks";
				PRODUCT_BUNDLE_IDENTIFIER = aaconsulting.fi.PageTheScrollTests;
				PRODUCT_NAME = "$(TARGET_NAME)";
				SWIFT_VERSION = 3.0;
				TEST_HOST = "$(BUILT_PRODUCTS_DIR)/PageTheScroll.app/PageTheScroll";
			};
			name = Debug;
		};
		7CDE52871D76E44B00FC4745 /* Release */ = {
			isa = XCBuildConfiguration;
			buildSettings = {
				ALWAYS_EMBED_SWIFT_STANDARD_LIBRARIES = YES;
				BUNDLE_LOADER = "$(TEST_HOST)";
				INFOPLIST_FILE = PageTheScrollTests/Info.plist;
				LD_RUNPATH_SEARCH_PATHS = "$(inherited) @executable_path/Frameworks @loader_path/Frameworks";
				PRODUCT_BUNDLE_IDENTIFIER = aaconsulting.fi.PageTheScrollTests;
				PRODUCT_NAME = "$(TARGET_NAME)";
				SWIFT_VERSION = 3.0;
				TEST_HOST = "$(BUILT_PRODUCTS_DIR)/PageTheScroll.app/PageTheScroll";
			};
			name = Release;
		};
		7CDE52891D76E44B00FC4745 /* Debug */ = {
			isa = XCBuildConfiguration;
			buildSettings = {
				ALWAYS_EMBED_SWIFT_STANDARD_LIBRARIES = YES;
				INFOPLIST_FILE = PageTheScrollUITests/Info.plist;
				LD_RUNPATH_SEARCH_PATHS = "$(inherited) @executable_path/Frameworks @loader_path/Frameworks";
				PRODUCT_BUNDLE_IDENTIFIER = aaconsulting.fi.PageTheScrollUITests;
				PRODUCT_NAME = "$(TARGET_NAME)";
				SWIFT_VERSION = 3.0;
				TEST_TARGET_NAME = PageTheScroll;
			};
			name = Debug;
		};
		7CDE528A1D76E44B00FC4745 /* Release */ = {
			isa = XCBuildConfiguration;
			buildSettings = {
				ALWAYS_EMBED_SWIFT_STANDARD_LIBRARIES = YES;
				INFOPLIST_FILE = PageTheScrollUITests/Info.plist;
				LD_RUNPATH_SEARCH_PATHS = "$(inherited) @executable_path/Frameworks @loader_path/Frameworks";
				PRODUCT_BUNDLE_IDENTIFIER = aaconsulting.fi.PageTheScrollUITests;
				PRODUCT_NAME = "$(TARGET_NAME)";
				SWIFT_VERSION = 3.0;
				TEST_TARGET_NAME = PageTheScroll;
			};
			name = Release;
		};
/* End XCBuildConfiguration section */

/* Begin XCConfigurationList section */
		7CDE52551D76E44B00FC4745 /* Build configuration list for PBXProject "PageTheScroll" */ = {
			isa = XCConfigurationList;
			buildConfigurations = (
				7CDE52801D76E44B00FC4745 /* Debug */,
				7CDE52811D76E44B00FC4745 /* Release */,
			);
			defaultConfigurationIsVisible = 0;
			defaultConfigurationName = Release;
		};
		7CDE52821D76E44B00FC4745 /* Build configuration list for PBXNativeTarget "PageTheScroll" */ = {
			isa = XCConfigurationList;
			buildConfigurations = (
				7CDE52831D76E44B00FC4745 /* Debug */,
				7CDE52841D76E44B00FC4745 /* Release */,
			);
			defaultConfigurationIsVisible = 0;
		};
		7CDE52851D76E44B00FC4745 /* Build configuration list for PBXNativeTarget "PageTheScrollTests" */ = {
			isa = XCConfigurationList;
			buildConfigurations = (
				7CDE52861D76E44B00FC4745 /* Debug */,
				7CDE52871D76E44B00FC4745 /* Release */,
			);
			defaultConfigurationIsVisible = 0;
		};
		7CDE52881D76E44B00FC4745 /* Build configuration list for PBXNativeTarget "PageTheScrollUITests" */ = {
			isa = XCConfigurationList;
			buildConfigurations = (
				7CDE52891D76E44B00FC4745 /* Debug */,
				7CDE528A1D76E44B00FC4745 /* Release */,
			);
			defaultConfigurationIsVisible = 0;
		};
/* End XCConfigurationList section */
	};
	rootObject = 7CDE52521D76E44B00FC4745 /* Project object */;
}
